// !$*UTF8*$!
{
	archiveVersion = 1;
	classes = {
	};
	objectVersion = 56;
	objects = {

/* Begin PBXBuildFile section */
		781B53582CC9033800750DD2 /* AppDelegate.m in Sources */ = {isa = PBXBuildFile; fileRef = 781B53572CC9033800750DD2 /* AppDelegate.m */; };
		781B535B2CC9033800750DD2 /* SceneDelegate.m in Sources */ = {isa = PBXBuildFile; fileRef = 781B535A2CC9033800750DD2 /* SceneDelegate.m */; };
		781B535E2CC9033800750DD2 /* ViewController.m in Sources */ = {isa = PBXBuildFile; fileRef = 781B535D2CC9033800750DD2 /* ViewController.m */; };
		781B53612CC9033800750DD2 /* Base in Resources */ = {isa = PBXBuildFile; fileRef = 781B53602CC9033800750DD2 /* Base */; };
		781B53632CC9033900750DD2 /* Assets.xcassets in Resources */ = {isa = PBXBuildFile; fileRef = 781B53622CC9033900750DD2 /* Assets.xcassets */; };
		781B53662CC9033900750DD2 /* Base in Resources */ = {isa = PBXBuildFile; fileRef = 781B53652CC9033900750DD2 /* Base */; };
		781B53692CC9033900750DD2 /* main.m in Sources */ = {isa = PBXBuildFile; fileRef = 781B53682CC9033900750DD2 /* main.m */; };
		781B53772CC9034400750DD2 /* DzwEventRouter.m in Sources */ = {isa = PBXBuildFile; fileRef = 781B53702CC9034400750DD2 /* DzwEventRouter.m */; };
		781B53782CC9034400750DD2 /* UIResponder+EventRouter.m in Sources */ = {isa = PBXBuildFile; fileRef = 781B53732CC9034400750DD2 /* UIResponder+EventRouter.m */; };
		781B53792CC9034400750DD2 /* UIViewController+EventRouter.m in Sources */ = {isa = PBXBuildFile; fileRef = 781B53752CC9034400750DD2 /* UIViewController+EventRouter.m */; };
		781B53A22CC903B800750DD2 /* DemoVC.m in Sources */ = {isa = PBXBuildFile; fileRef = 781B539A2CC903B800750DD2 /* DemoVC.m */; };
		781B53A32CC903B800750DD2 /* DView3.m in Sources */ = {isa = PBXBuildFile; fileRef = 781B539C2CC903B800750DD2 /* DView3.m */; };
		781B53A42CC903B800750DD2 /* DView2.m in Sources */ = {isa = PBXBuildFile; fileRef = 781B539E2CC903B800750DD2 /* DView2.m */; };
		781B53A52CC903B800750DD2 /* DView1.m in Sources */ = {isa = PBXBuildFile; fileRef = 781B539F2CC903B800750DD2 /* DView1.m */; };
/* End PBXBuildFile section */

/* Begin PBXFileReference section */
		781B53532CC9033800750DD2 /* DzwEventRouter.app */ = {isa = PBXFileReference; explicitFileType = wrapper.application; includeInIndex = 0; path = DzwEventRouter.app; sourceTree = BUILT_PRODUCTS_DIR; };
		781B53562CC9033800750DD2 /* AppDelegate.h */ = {isa = PBXFileReference; lastKnownFileType = sourcecode.c.h; path = AppDelegate.h; sourceTree = "<group>"; };
		781B53572CC9033800750DD2 /* AppDelegate.m */ = {isa = PBXFileReference; lastKnownFileType = sourcecode.c.objc; path = AppDelegate.m; sourceTree = "<group>"; };
		781B53592CC9033800750DD2 /* SceneDelegate.h */ = {isa = PBXFileReference; lastKnownFileType = sourcecode.c.h; path = SceneDelegate.h; sourceTree = "<group>"; };
		781B535A2CC9033800750DD2 /* SceneDelegate.m */ = {isa = PBXFileReference; lastKnownFileType = sourcecode.c.objc; path = SceneDelegate.m; sourceTree = "<group>"; };
		781B535C2CC9033800750DD2 /* ViewController.h */ = {isa = PBXFileReference; lastKnownFileType = sourcecode.c.h; path = ViewController.h; sourceTree = "<group>"; };
		781B535D2CC9033800750DD2 /* ViewController.m */ = {isa = PBXFileReference; lastKnownFileType = sourcecode.c.objc; path = ViewController.m; sourceTree = "<group>"; };
		781B53602CC9033800750DD2 /* Base */ = {isa = PBXFileReference; lastKnownFileType = file.storyboard; name = Base; path = Base.lproj/Main.storyboard; sourceTree = "<group>"; };
		781B53622CC9033900750DD2 /* Assets.xcassets */ = {isa = PBXFileReference; lastKnownFileType = folder.assetcatalog; path = Assets.xcassets; sourceTree = "<group>"; };
		781B53652CC9033900750DD2 /* Base */ = {isa = PBXFileReference; lastKnownFileType = file.storyboard; name = Base; path = Base.lproj/LaunchScreen.storyboard; sourceTree = "<group>"; };
		781B53672CC9033900750DD2 /* Info.plist */ = {isa = PBXFileReference; lastKnownFileType = text.plist.xml; path = Info.plist; sourceTree = "<group>"; };
		781B53682CC9033900750DD2 /* main.m */ = {isa = PBXFileReference; lastKnownFileType = sourcecode.c.objc; path = main.m; sourceTree = "<group>"; };
		781B536F2CC9034400750DD2 /* DzwEventRouter.h */ = {isa = PBXFileReference; fileEncoding = 4; lastKnownFileType = sourcecode.c.h; path = DzwEventRouter.h; sourceTree = "<group>"; };
		781B53702CC9034400750DD2 /* DzwEventRouter.m */ = {isa = PBXFileReference; fileEncoding = 4; lastKnownFileType = sourcecode.c.objc; path = DzwEventRouter.m; sourceTree = "<group>"; };
		781B53712CC9034400750DD2 /* EventRouterHeader.h */ = {isa = PBXFileReference; fileEncoding = 4; lastKnownFileType = sourcecode.c.h; path = EventRouterHeader.h; sourceTree = "<group>"; };
		781B53722CC9034400750DD2 /* UIResponder+EventRouter.h */ = {isa = PBXFileReference; fileEncoding = 4; lastKnownFileType = sourcecode.c.h; path = "UIResponder+EventRouter.h"; sourceTree = "<group>"; };
		781B53732CC9034400750DD2 /* UIResponder+EventRouter.m */ = {isa = PBXFileReference; fileEncoding = 4; lastKnownFileType = sourcecode.c.objc; path = "UIResponder+EventRouter.m"; sourceTree = "<group>"; };
		781B53742CC9034400750DD2 /* UIViewController+EventRouter.h */ = {isa = PBXFileReference; fileEncoding = 4; lastKnownFileType = sourcecode.c.h; path = "UIViewController+EventRouter.h"; sourceTree = "<group>"; };
		781B53752CC9034400750DD2 /* UIViewController+EventRouter.m */ = {isa = PBXFileReference; fileEncoding = 4; lastKnownFileType = sourcecode.c.objc; path = "UIViewController+EventRouter.m"; sourceTree = "<group>"; };
		781B539A2CC903B800750DD2 /* DemoVC.m */ = {isa = PBXFileReference; fileEncoding = 4; lastKnownFileType = sourcecode.c.objc; path = DemoVC.m; sourceTree = "<group>"; };
		781B539B2CC903B800750DD2 /* DView3.h */ = {isa = PBXFileReference; fileEncoding = 4; lastKnownFileType = sourcecode.c.h; path = DView3.h; sourceTree = "<group>"; };
		781B539C2CC903B800750DD2 /* DView3.m */ = {isa = PBXFileReference; fileEncoding = 4; lastKnownFileType = sourcecode.c.objc; path = DView3.m; sourceTree = "<group>"; };
		781B539D2CC903B800750DD2 /* DView1.h */ = {isa = PBXFileReference; fileEncoding = 4; lastKnownFileType = sourcecode.c.h; path = DView1.h; sourceTree = "<group>"; };
		781B539E2CC903B800750DD2 /* DView2.m */ = {isa = PBXFileReference; fileEncoding = 4; lastKnownFileType = sourcecode.c.objc; path = DView2.m; sourceTree = "<group>"; };
		781B539F2CC903B800750DD2 /* DView1.m */ = {isa = PBXFileReference; fileEncoding = 4; lastKnownFileType = sourcecode.c.objc; path = DView1.m; sourceTree = "<group>"; };
		781B53A02CC903B800750DD2 /* DemoVC.h */ = {isa = PBXFileReference; fileEncoding = 4; lastKnownFileType = sourcecode.c.h; path = DemoVC.h; sourceTree = "<group>"; };
		781B53A12CC903B800750DD2 /* DView2.h */ = {isa = PBXFileReference; fileEncoding = 4; lastKnownFileType = sourcecode.c.h; path = DView2.h; sourceTree = "<group>"; };
/* End PBXFileReference section */

/* Begin PBXFrameworksBuildPhase section */
		781B53502CC9033800750DD2 /* Frameworks */ = {
			isa = PBXFrameworksBuildPhase;
			buildActionMask = 2147483647;
			files = (
			);
			runOnlyForDeploymentPostprocessing = 0;
		};
/* End PBXFrameworksBuildPhase section */

/* Begin PBXGroup section */
		781B534A2CC9033800750DD2 = {
			isa = PBXGroup;
			children = (
				781B53552CC9033800750DD2 /* DzwEventRouter */,
				781B53542CC9033800750DD2 /* Products */,
			);
			sourceTree = "<group>";
		};
		781B53542CC9033800750DD2 /* Products */ = {
			isa = PBXGroup;
			children = (
				781B53532CC9033800750DD2 /* DzwEventRouter.app */,
			);
			name = Products;
			sourceTree = "<group>";
		};
		781B53552CC9033800750DD2 /* DzwEventRouter */ = {
			isa = PBXGroup;
			children = (
				781B53562CC9033800750DD2 /* AppDelegate.h */,
				781B53572CC9033800750DD2 /* AppDelegate.m */,
				781B53592CC9033800750DD2 /* SceneDelegate.h */,
				781B535A2CC9033800750DD2 /* SceneDelegate.m */,
				781B535C2CC9033800750DD2 /* ViewController.h */,
				781B535D2CC9033800750DD2 /* ViewController.m */,
				781B53992CC903B100750DD2 /* demo */,
				781B53762CC9034400750DD2 /* DzwEventRouter */,
				781B535F2CC9033800750DD2 /* Main.storyboard */,
				781B53622CC9033900750DD2 /* Assets.xcassets */,
				781B53642CC9033900750DD2 /* LaunchScreen.storyboard */,
				781B53672CC9033900750DD2 /* Info.plist */,
				781B53682CC9033900750DD2 /* main.m */,
			);
			path = DzwEventRouter;
			sourceTree = "<group>";
		};
		781B53762CC9034400750DD2 /* DzwEventRouter */ = {
			isa = PBXGroup;
			children = (
				781B536F2CC9034400750DD2 /* DzwEventRouter.h */,
				781B53702CC9034400750DD2 /* DzwEventRouter.m */,
				781B53712CC9034400750DD2 /* EventRouterHeader.h */,
				781B53722CC9034400750DD2 /* UIResponder+EventRouter.h */,
				781B53732CC9034400750DD2 /* UIResponder+EventRouter.m */,
				781B53742CC9034400750DD2 /* UIViewController+EventRouter.h */,
				781B53752CC9034400750DD2 /* UIViewController+EventRouter.m */,
			);
			path = DzwEventRouter;
			sourceTree = "<group>";
		};
		781B53992CC903B100750DD2 /* demo */ = {
			isa = PBXGroup;
			children = (
				781B53A02CC903B800750DD2 /* DemoVC.h */,
				781B539A2CC903B800750DD2 /* DemoVC.m */,
				781B539D2CC903B800750DD2 /* DView1.h */,
				781B539F2CC903B800750DD2 /* DView1.m */,
				781B53A12CC903B800750DD2 /* DView2.h */,
				781B539E2CC903B800750DD2 /* DView2.m */,
				781B539B2CC903B800750DD2 /* DView3.h */,
				781B539C2CC903B800750DD2 /* DView3.m */,
			);
			path = demo;
			sourceTree = "<group>";
		};
/* End PBXGroup section */

/* Begin PBXNativeTarget section */
		781B53522CC9033800750DD2 /* DzwEventRouter */ = {
			isa = PBXNativeTarget;
			buildConfigurationList = 781B536C2CC9033900750DD2 /* Build configuration list for PBXNativeTarget "DzwEventRouter" */;
			buildPhases = (
				781B534F2CC9033800750DD2 /* Sources */,
				781B53502CC9033800750DD2 /* Frameworks */,
				781B53512CC9033800750DD2 /* Resources */,
			);
			buildRules = (
			);
			dependencies = (
			);
			name = DzwEventRouter;
			productName = DzwEventRouter;
			productReference = 781B53532CC9033800750DD2 /* DzwEventRouter.app */;
			productType = "com.apple.product-type.application";
		};
/* End PBXNativeTarget section */

/* Begin PBXProject section */
		781B534B2CC9033800750DD2 /* Project object */ = {
			isa = PBXProject;
			attributes = {
				BuildIndependentTargetsInParallel = 1;
				LastUpgradeCheck = 1530;
				TargetAttributes = {
					781B53522CC9033800750DD2 = {
						CreatedOnToolsVersion = 15.3;
					};
				};
			};
			buildConfigurationList = 781B534E2CC9033800750DD2 /* Build configuration list for PBXProject "DzwEventRouter" */;
			compatibilityVersion = "Xcode 14.0";
			developmentRegion = en;
			hasScannedForEncodings = 0;
			knownRegions = (
				en,
				Base,
			);
			mainGroup = 781B534A2CC9033800750DD2;
			productRefGroup = 781B53542CC9033800750DD2 /* Products */;
			projectDirPath = "";
			projectRoot = "";
			targets = (
				781B53522CC9033800750DD2 /* DzwEventRouter */,
			);
		};
/* End PBXProject section */

/* Begin PBXResourcesBuildPhase section */
		781B53512CC9033800750DD2 /* Resources */ = {
			isa = PBXResourcesBuildPhase;
			buildActionMask = 2147483647;
			files = (
				781B53632CC9033900750DD2 /* Assets.xcassets in Resources */,
				781B53662CC9033900750DD2 /* Base in Resources */,
				781B53612CC9033800750DD2 /* Base in Resources */,
			);
			runOnlyForDeploymentPostprocessing = 0;
		};
/* End PBXResourcesBuildPhase section */

/* Begin PBXSourcesBuildPhase section */
		781B534F2CC9033800750DD2 /* Sources */ = {
			isa = PBXSourcesBuildPhase;
			buildActionMask = 2147483647;
			files = (
				781B53A42CC903B800750DD2 /* DView2.m in Sources */,
				781B535E2CC9033800750DD2 /* ViewController.m in Sources */,
				781B53A52CC903B800750DD2 /* DView1.m in Sources */,
				781B53A22CC903B800750DD2 /* DemoVC.m in Sources */,
				781B53792CC9034400750DD2 /* UIViewController+EventRouter.m in Sources */,
				781B53582CC9033800750DD2 /* AppDelegate.m in Sources */,
				781B53782CC9034400750DD2 /* UIResponder+EventRouter.m in Sources */,
				781B53772CC9034400750DD2 /* DzwEventRouter.m in Sources */,
				781B53692CC9033900750DD2 /* main.m in Sources */,
				781B53A32CC903B800750DD2 /* DView3.m in Sources */,
				781B535B2CC9033800750DD2 /* SceneDelegate.m in Sources */,
			);
			runOnlyForDeploymentPostprocessing = 0;
		};
/* End PBXSourcesBuildPhase section */

/* Begin PBXVariantGroup section */
		781B535F2CC9033800750DD2 /* Main.storyboard */ = {
			isa = PBXVariantGroup;
			children = (
				781B53602CC9033800750DD2 /* Base */,
			);
			name = Main.storyboard;
			sourceTree = "<group>";
		};
		781B53642CC9033900750DD2 /* LaunchScreen.storyboard */ = {
			isa = PBXVariantGroup;
			children = (
				781B53652CC9033900750DD2 /* Base */,
			);
			name = LaunchScreen.storyboard;
			sourceTree = "<group>";
		};
/* End PBXVariantGroup section */

/* Begin XCBuildConfiguration section */
		781B536A2CC9033900750DD2 /* Debug */ = {
			isa = XCBuildConfiguration;
			buildSettings = {
				ALWAYS_SEARCH_USER_PATHS = NO;
				ASSETCATALOG_COMPILER_GENERATE_SWIFT_ASSET_SYMBOL_EXTENSIONS = YES;
				CLANG_ANALYZER_NONNULL = YES;
				CLANG_ANALYZER_NUMBER_OBJECT_CONVERSION = YES_AGGRESSIVE;
				CLANG_CXX_LANGUAGE_STANDARD = "gnu++20";
				CLANG_ENABLE_MODULES = YES;
				CLANG_ENABLE_OBJC_ARC = YES;
				CLANG_ENABLE_OBJC_WEAK = YES;
				CLANG_WARN_BLOCK_CAPTURE_AUTORELEASING = YES;
				CLANG_WARN_BOOL_CONVERSION = YES;
				CLANG_WARN_COMMA = YES;
				CLANG_WARN_CONSTANT_CONVERSION = YES;
				CLANG_WARN_DEPRECATED_OBJC_IMPLEMENTATIONS = YES;
				CLANG_WARN_DIRECT_OBJC_ISA_USAGE = YES_ERROR;
				CLANG_WARN_DOCUMENTATION_COMMENTS = YES;
				CLANG_WARN_EMPTY_BODY = YES;
				CLANG_WARN_ENUM_CONVERSION = YES;
				CLANG_WARN_INFINITE_RECURSION = YES;
				CLANG_WARN_INT_CONVERSION = YES;
				CLANG_WARN_NON_LITERAL_NULL_CONVERSION = YES;
				CLANG_WARN_OBJC_IMPLICIT_RETAIN_SELF = YES;
				CLANG_WARN_OBJC_LITERAL_CONVERSION = YES;
				CLANG_WARN_OBJC_ROOT_CLASS = YES_ERROR;
				CLANG_WARN_QUOTED_INCLUDE_IN_FRAMEWORK_HEADER = YES;
				CLANG_WARN_RANGE_LOOP_ANALYSIS = YES;
				CLANG_WARN_STRICT_PROTOTYPES = YES;
				CLANG_WARN_SUSPICIOUS_MOVE = YES;
				CLANG_WARN_UNGUARDED_AVAILABILITY = YES_AGGRESSIVE;
				CLANG_WARN_UNREACHABLE_CODE = YES;
				CLANG_WARN__DUPLICATE_METHOD_MATCH = YES;
				COPY_PHASE_STRIP = NO;
				DEBUG_INFORMATION_FORMAT = dwarf;
				ENABLE_STRICT_OBJC_MSGSEND = YES;
				ENABLE_TESTABILITY = YES;
				ENABLE_USER_SCRIPT_SANDBOXING = YES;
				GCC_C_LANGUAGE_STANDARD = gnu17;
				GCC_DYNAMIC_NO_PIC = NO;
				GCC_NO_COMMON_BLOCKS = YES;
				GCC_OPTIMIZATION_LEVEL = 0;
				GCC_PREPROCESSOR_DEFINITIONS = (
					"DEBUG=1",
					"$(inherited)",
				);
				GCC_WARN_64_TO_32_BIT_CONVERSION = YES;
				GCC_WARN_ABOUT_RETURN_TYPE = YES_ERROR;
				GCC_WARN_UNDECLARED_SELECTOR = YES;
				GCC_WARN_UNINITIALIZED_AUTOS = YES_AGGRESSIVE;
				GCC_WARN_UNUSED_FUNCTION = YES;
				GCC_WARN_UNUSED_VARIABLE = YES;
				IPHONEOS_DEPLOYMENT_TARGET = 17.4;
				LOCALIZATION_PREFERS_STRING_CATALOGS = YES;
				MTL_ENABLE_DEBUG_INFO = INCLUDE_SOURCE;
				MTL_FAST_MATH = YES;
				ONLY_ACTIVE_ARCH = YES;
				SDKROOT = iphoneos;
			};
			name = Debug;
		};
		781B536B2CC9033900750DD2 /* Release */ = {
			isa = XCBuildConfiguration;
			buildSettings = {
				ALWAYS_SEARCH_USER_PATHS = NO;
				ASSETCATALOG_COMPILER_GENERATE_SWIFT_ASSET_SYMBOL_EXTENSIONS = YES;
				CLANG_ANALYZER_NONNULL = YES;
				CLANG_ANALYZER_NUMBER_OBJECT_CONVERSION = YES_AGGRESSIVE;
				CLANG_CXX_LANGUAGE_STANDARD = "gnu++20";
				CLANG_ENABLE_MODULES = YES;
				CLANG_ENABLE_OBJC_ARC = YES;
				CLANG_ENABLE_OBJC_WEAK = YES;
				CLANG_WARN_BLOCK_CAPTURE_AUTORELEASING = YES;
				CLANG_WARN_BOOL_CONVERSION = YES;
				CLANG_WARN_COMMA = YES;
				CLANG_WARN_CONSTANT_CONVERSION = YES;
				CLANG_WARN_DEPRECATED_OBJC_IMPLEMENTATIONS = YES;
				CLANG_WARN_DIRECT_OBJC_ISA_USAGE = YES_ERROR;
				CLANG_WARN_DOCUMENTATION_COMMENTS = YES;
				CLANG_WARN_EMPTY_BODY = YES;
				CLANG_WARN_ENUM_CONVERSION = YES;
				CLANG_WARN_INFINITE_RECURSION = YES;
				CLANG_WARN_INT_CONVERSION = YES;
				CLANG_WARN_NON_LITERAL_NULL_CONVERSION = YES;
				CLANG_WARN_OBJC_IMPLICIT_RETAIN_SELF = YES;
				CLANG_WARN_OBJC_LITERAL_CONVERSION = YES;
				CLANG_WARN_OBJC_ROOT_CLASS = YES_ERROR;
				CLANG_WARN_QUOTED_INCLUDE_IN_FRAMEWORK_HEADER = YES;
				CLANG_WARN_RANGE_LOOP_ANALYSIS = YES;
				CLANG_WARN_STRICT_PROTOTYPES = YES;
				CLANG_WARN_SUSPICIOUS_MOVE = YES;
				CLANG_WARN_UNGUARDED_AVAILABILITY = YES_AGGRESSIVE;
				CLANG_WARN_UNREACHABLE_CODE = YES;
				CLANG_WARN__DUPLICATE_METHOD_MATCH = YES;
				COPY_PHASE_STRIP = NO;
				DEBUG_INFORMATION_FORMAT = "dwarf-with-dsym";
				ENABLE_NS_ASSERTIONS = NO;
				ENABLE_STRICT_OBJC_MSGSEND = YES;
				ENABLE_USER_SCRIPT_SANDBOXING = YES;
				GCC_C_LANGUAGE_STANDARD = gnu17;
				GCC_NO_COMMON_BLOCKS = YES;
				GCC_WARN_64_TO_32_BIT_CONVERSION = YES;
				GCC_WARN_ABOUT_RETURN_TYPE = YES_ERROR;
				GCC_WARN_UNDECLARED_SELECTOR = YES;
				GCC_WARN_UNINITIALIZED_AUTOS = YES_AGGRESSIVE;
				GCC_WARN_UNUSED_FUNCTION = YES;
				GCC_WARN_UNUSED_VARIABLE = YES;
				IPHONEOS_DEPLOYMENT_TARGET = 17.4;
				LOCALIZATION_PREFERS_STRING_CATALOGS = YES;
				MTL_ENABLE_DEBUG_INFO = NO;
				MTL_FAST_MATH = YES;
				SDKROOT = iphoneos;
				VALIDATE_PRODUCT = YES;
			};
			name = Release;
		};
		781B536D2CC9033900750DD2 /* Debug */ = {
			isa = XCBuildConfiguration;
			buildSettings = {
				ASSETCATALOG_COMPILER_APPICON_NAME = AppIcon;
				ASSETCATALOG_COMPILER_GLOBAL_ACCENT_COLOR_NAME = AccentColor;
				CODE_SIGN_STYLE = Automatic;
				CURRENT_PROJECT_VERSION = 1;
				DEVELOPMENT_TEAM = 97KXK82D47;
				GENERATE_INFOPLIST_FILE = YES;
				INFOPLIST_FILE = DzwEventRouter/Info.plist;
				INFOPLIST_KEY_UIApplicationSupportsIndirectInputEvents = YES;
				INFOPLIST_KEY_UILaunchStoryboardName = LaunchScreen;
				INFOPLIST_KEY_UIMainStoryboardFile = Main;
				INFOPLIST_KEY_UISupportedInterfaceOrientations_iPad = "UIInterfaceOrientationPortrait UIInterfaceOrientationPortraitUpsideDown UIInterfaceOrientationLandscapeLeft UIInterfaceOrientationLandscapeRight";
				INFOPLIST_KEY_UISupportedInterfaceOrientations_iPhone = "UIInterfaceOrientationPortrait UIInterfaceOrientationLandscapeLeft UIInterfaceOrientationLandscapeRight";
				IPHONEOS_DEPLOYMENT_TARGET = 12.0;
				LD_RUNPATH_SEARCH_PATHS = (
					"$(inherited)",
					"@executable_path/Frameworks",
				);
				MARKETING_VERSION = 1.0;
				PRODUCT_BUNDLE_IDENTIFIER = dzw.DzwEventRouter;
				PRODUCT_NAME = "$(TARGET_NAME)";
				SWIFT_EMIT_LOC_STRINGS = YES;
				TARGETED_DEVICE_FAMILY = "1,2";
			};
			name = Debug;
		};
		781B536E2CC9033900750DD2 /* Release */ = {
			isa = XCBuildConfiguration;
			buildSettings = {
				ASSETCATALOG_COMPILER_APPICON_NAME = AppIcon;
				ASSETCATALOG_COMPILER_GLOBAL_ACCENT_COLOR_NAME = AccentColor;
				CODE_SIGN_STYLE = Automatic;
				CURRENT_PROJECT_VERSION = 1;
				DEVELOPMENT_TEAM = 97KXK82D47;
				GENERATE_INFOPLIST_FILE = YES;
				INFOPLIST_FILE = DzwEventRouter/Info.plist;
				INFOPLIST_KEY_UIApplicationSupportsIndirectInputEvents = YES;
				INFOPLIST_KEY_UILaunchStoryboardName = LaunchScreen;
				INFOPLIST_KEY_UIMainStoryboardFile = Main;
				INFOPLIST_KEY_UISupportedInterfaceOrientations_iPad = "UIInterfaceOrientationPortrait UIInterfaceOrientationPortraitUpsideDown UIInterfaceOrientationLandscapeLeft UIInterfaceOrientationLandscapeRight";
				INFOPLIST_KEY_UISupportedInterfaceOrientations_iPhone = "UIInterfaceOrientationPortrait UIInterfaceOrientationLandscapeLeft UIInterfaceOrientationLandscapeRight";
				IPHONEOS_DEPLOYMENT_TARGET = 12.0;
				LD_RUNPATH_SEARCH_PATHS = (
					"$(inherited)",
					"@executable_path/Frameworks",
				);
				MARKETING_VERSION = 1.0;
				PRODUCT_BUNDLE_IDENTIFIER = dzw.DzwEventRouter;
				PRODUCT_NAME = "$(TARGET_NAME)";
				SWIFT_EMIT_LOC_STRINGS = YES;
				TARGETED_DEVICE_FAMILY = "1,2";
			};
			name = Release;
		};
/* End XCBuildConfiguration section */

/* Begin XCConfigurationList section */
		781B534E2CC9033800750DD2 /* Build configuration list for PBXProject "DzwEventRouter" */ = {
			isa = XCConfigurationList;
			buildConfigurations = (
				781B536A2CC9033900750DD2 /* Debug */,
				781B536B2CC9033900750DD2 /* Release */,
			);
			defaultConfigurationIsVisible = 0;
			defaultConfigurationName = Release;
		};
		781B536C2CC9033900750DD2 /* Build configuration list for PBXNativeTarget "DzwEventRouter" */ = {
			isa = XCConfigurationList;
			buildConfigurations = (
				781B536D2CC9033900750DD2 /* Debug */,
				781B536E2CC9033900750DD2 /* Release */,
			);
			defaultConfigurationIsVisible = 0;
			defaultConfigurationName = Release;
		};
/* End XCConfigurationList section */
	};
	rootObject = 781B534B2CC9033800750DD2 /* Project object */;
}
